
Microsoft Visual Studio Solution File, Format Version 12.00
# Visual Studio Version 17
VisualStudioVersion = 17.14.36310.24
MinimumVisualStudioVersion = 10.0.40219.1
Project("{2150E333-8FDC-42A3-9474-1A3956D46DE8}") = "__tests__", "__tests__", "{02EA681E-C7D8-13C7-8484-4AC65E1B71E8}"
EndProject
Project("{2150E333-8FDC-42A3-9474-1A3956D46DE8}") = "src", "src", "{96838F03-7B7E-41D3-8A75-2F9B37B18776}"
EndProject

Project("{FAE04EC0-301F-11D3-BF4B-00C04F79EFBC}") = "OrderMediatR.API", "src\OrderMediatR.API\OrderMediatR.API.csproj", "{A6B8EBAB-FC17-89FF-4DB7-F7FB30F6DC1B}"
EndProject
Project("{FAE04EC0-301F-11D3-BF4B-00C04F79EFBC}") = "OrderMediatR.Application", "src\OrderMediatR.Application\OrderMediatR.Application.csproj", "{DEB8EADE-B0A3-EC92-F52E-C5C1C12BD101}"
EndProject
Project("{FAE04EC0-301F-11D3-BF4B-00C04F79EFBC}") = "OrderMediatR.Common", "src\OrderMediatR.Common\OrderMediatR.Common.csproj", "{2CBF533E-ECB6-46EA-3640-EA1B33BE0E3E}"
EndProject
Project("{FAE04EC0-301F-11D3-BF4B-00C04F79EFBC}") = "OrderMediatR.Domain", "src\OrderMediatR.Domain\OrderMediatR.Domain.csproj", "{E2B6591C-A9B8-42C5-31F8-772EF77C1AD7}"
EndProject
Project("{FAE04EC0-301F-11D3-BF4B-00C04F79EFBC}") = "OrderMediatR.Infra", "src\OrderMediatR.Infra\OrderMediatR.Infra.csproj", "{FBD119EF-D16B-3851-BFC7-410C21733276}"
EndProject
Global
	GlobalSection(SolutionConfigurationPlatforms) = preSolution
		Debug|Any CPU = Debug|Any CPU
		Release|Any CPU = Release|Any CPU
	EndGlobalSection
	GlobalSection(ProjectConfigurationPlatforms) = postSolution

		{A6B8EBAB-FC17-89FF-4DB7-F7FB30F6DC1B}.Debug|Any CPU.ActiveCfg = Debug|Any CPU
		{A6B8EBAB-FC17-89FF-4DB7-F7FB30F6DC1B}.Debug|Any CPU.Build.0 = Debug|Any CPU
		{A6B8EBAB-FC17-89FF-4DB7-F7FB30F6DC1B}.Release|Any CPU.ActiveCfg = Release|Any CPU
		{A6B8EBAB-FC17-89FF-4DB7-F7FB30F6DC1B}.Release|Any CPU.Build.0 = Release|Any CPU
		{DEB8EADE-B0A3-EC92-F52E-C5C1C12BD101}.Debug|Any CPU.ActiveCfg = Debug|Any CPU
		{DEB8EADE-B0A3-EC92-F52E-C5C1C12BD101}.Debug|Any CPU.Build.0 = Debug|Any CPU
		{DEB8EADE-B0A3-EC92-F52E-C5C1C12BD101}.Release|Any CPU.ActiveCfg = Release|Any CPU
		{DEB8EADE-B0A3-EC92-F52E-C5C1C12BD101}.Release|Any CPU.Build.0 = Release|Any CPU
		{2CBF533E-ECB6-46EA-3640-EA1B33BE0E3E}.Debug|Any CPU.ActiveCfg = Debug|Any CPU
		{2CBF533E-ECB6-46EA-3640-EA1B33BE0E3E}.Debug|Any CPU.Build.0 = Debug|Any CPU
		{2CBF533E-ECB6-46EA-3640-EA1B33BE0E3E}.Release|Any CPU.ActiveCfg = Release|Any CPU
		{2CBF533E-ECB6-46EA-3640-EA1B33BE0E3E}.Release|Any CPU.Build.0 = Release|Any CPU
		{E2B6591C-A9B8-42C5-31F8-772EF77C1AD7}.Debug|Any CPU.ActiveCfg = Debug|Any CPU
		{E2B6591C-A9B8-42C5-31F8-772EF77C1AD7}.Debug|Any CPU.Build.0 = Debug|Any CPU
		{E2B6591C-A9B8-42C5-31F8-772EF77C1AD7}.Release|Any CPU.ActiveCfg = Release|Any CPU
		{E2B6591C-A9B8-42C5-31F8-772EF77C1AD7}.Release|Any CPU.Build.0 = Release|Any CPU
		{FBD119EF-D16B-3851-BFC7-410C21733276}.Debug|Any CPU.ActiveCfg = Debug|Any CPU
		{FBD119EF-D16B-3851-BFC7-410C21733276}.Debug|Any CPU.Build.0 = Debug|Any CPU
		{FBD119EF-D16B-3851-BFC7-410C21733276}.Release|Any CPU.ActiveCfg = Release|Any CPU
		{FBD119EF-D16B-3851-BFC7-410C21733276}.Release|Any CPU.Build.0 = Release|Any CPU
	EndGlobalSection
	GlobalSection(SolutionProperties) = preSolution
		HideSolutionNode = FALSE
	EndGlobalSection
	GlobalSection(NestedProjects) = preSolution

		{A6B8EBAB-FC17-89FF-4DB7-F7FB30F6DC1B} = {96838F03-7B7E-41D3-8A75-2F9B37B18776}
		{DEB8EADE-B0A3-EC92-F52E-C5C1C12BD101} = {96838F03-7B7E-41D3-8A75-2F9B37B18776}
		{2CBF533E-ECB6-46EA-3640-EA1B33BE0E3E} = {96838F03-7B7E-41D3-8A75-2F9B37B18776}
		{E2B6591C-A9B8-42C5-31F8-772EF77C1AD7} = {96838F03-7B7E-41D3-8A75-2F9B37B18776}
		{FBD119EF-D16B-3851-BFC7-410C21733276} = {96838F03-7B7E-41D3-8A75-2F9B37B18776}
	EndGlobalSection
	GlobalSection(ExtensibilityGlobals) = postSolution
		SolutionGuid = {A447D973-2DF6-4B22-A031-DCA468932BA8}
	EndGlobalSection
EndGlobal
